
Microsoft Visual Studio Solution File, Format Version 12.00
# Visual Studio 15
VisualStudioVersion = 15.0.26403.7
MinimumVisualStudioVersion = 10.0.40219.1
Project("{FAE04EC0-301F-11D3-BF4B-00C04F79EFBC}") = "MusicDemo.Database", "MusicDemo.Database\MusicDemo.Database.csproj", "{3E2F47D5-3543-4CC1-9212-BCA882923B5F}"
EndProject
Project("{FAE04EC0-301F-11D3-BF4B-00C04F79EFBC}") = "MusicDemo.Database.Tests", "MusicDemo.Database.Tests\MusicDemo.Database.Tests.csproj", "{2DBB19B0-14AA-434F-B416-20BF2CF669DB}"
EndProject
Project("{FAE04EC0-301F-11D3-BF4B-00C04F79EFBC}") = "MusicDemo.Website", "MusicDemo.Website\MusicDemo.Website.csproj", "{404B9297-9329-4EDC-9FBA-7240179DB61C}"
EndProject
Project("{FAE04EC0-301F-11D3-BF4B-00C04F79EFBC}") = "MusicDemo.Website.Tests", "MusicDemo.Website.Tests\MusicDemo.Website.Tests.csproj", "{9409C020-DFE0-469E-B0F7-D0C9EA0D5812}"
EndProject
Project("{FAE04EC0-301F-11D3-BF4B-00C04F79EFBC}") = "MusicDemo.Website.Backend", "MusicDemo.Website.Backend\MusicDemo.Website.Backend.csproj", "{B866A0F9-CB29-402A-9D06-99E9A0C874DC}"
EndProject
Project("{FAE04EC0-301F-11D3-BF4B-00C04F79EFBC}") = "MusicDemo.Website.Backend.Tests", "MusicDemo.Website.Backend.Tests\MusicDemo.Website.Backend.Tests.csproj", "{74D9561F-0A55-4984-B870-2B2824064AC7}"
EndProject
Global
	GlobalSection(SolutionConfigurationPlatforms) = preSolution
		Debug|Any CPU = Debug|Any CPU
		Release|Any CPU = Release|Any CPU
	EndGlobalSection
	GlobalSection(ProjectConfigurationPlatforms) = postSolution
		{3E2F47D5-3543-4CC1-9212-BCA882923B5F}.Debug|Any CPU.ActiveCfg = Debug|Any CPU
		{3E2F47D5-3543-4CC1-9212-BCA882923B5F}.Debug|Any CPU.Build.0 = Debug|Any CPU
		{3E2F47D5-3543-4CC1-9212-BCA882923B5F}.Release|Any CPU.ActiveCfg = Release|Any CPU
		{3E2F47D5-3543-4CC1-9212-BCA882923B5F}.Release|Any CPU.Build.0 = Release|Any CPU
		{2DBB19B0-14AA-434F-B416-20BF2CF669DB}.Debug|Any CPU.ActiveCfg = Debug|Any CPU
		{2DBB19B0-14AA-434F-B416-20BF2CF669DB}.Debug|Any CPU.Build.0 = Debug|Any CPU
		{2DBB19B0-14AA-434F-B416-20BF2CF669DB}.Release|Any CPU.ActiveCfg = Release|Any CPU
		{2DBB19B0-14AA-434F-B416-20BF2CF669DB}.Release|Any CPU.Build.0 = Release|Any CPU
		{404B9297-9329-4EDC-9FBA-7240179DB61C}.Debug|Any CPU.ActiveCfg = Debug|Any CPU
		{404B9297-9329-4EDC-9FBA-7240179DB61C}.Debug|Any CPU.Build.0 = Debug|Any CPU
		{404B9297-9329-4EDC-9FBA-7240179DB61C}.Release|Any CPU.ActiveCfg = Release|Any CPU
		{404B9297-9329-4EDC-9FBA-7240179DB61C}.Release|Any CPU.Build.0 = Release|Any CPU
		{9409C020-DFE0-469E-B0F7-D0C9EA0D5812}.Debug|Any CPU.ActiveCfg = Debug|Any CPU
		{9409C020-DFE0-469E-B0F7-D0C9EA0D5812}.Debug|Any CPU.Build.0 = Debug|Any CPU
		{9409C020-DFE0-469E-B0F7-D0C9EA0D5812}.Release|Any CPU.ActiveCfg = Release|Any CPU
		{9409C020-DFE0-469E-B0F7-D0C9EA0D5812}.Release|Any CPU.Build.0 = Release|Any CPU
		{B866A0F9-CB29-402A-9D06-99E9A0C874DC}.Debug|Any CPU.ActiveCfg = Debug|Any CPU
		{B866A0F9-CB29-402A-9D06-99E9A0C874DC}.Debug|Any CPU.Build.0 = Debug|Any CPU
		{B866A0F9-CB29-402A-9D06-99E9A0C874DC}.Release|Any CPU.ActiveCfg = Release|Any CPU
		{B866A0F9-CB29-402A-9D06-99E9A0C874DC}.Release|Any CPU.Build.0 = Release|Any CPU
		{74D9561F-0A55-4984-B870-2B2824064AC7}.Debug|Any CPU.ActiveCfg = Debug|Any CPU
		{74D9561F-0A55-4984-B870-2B2824064AC7}.Debug|Any CPU.Build.0 = Debug|Any CPU
		{74D9561F-0A55-4984-B870-2B2824064AC7}.Release|Any CPU.ActiveCfg = Release|Any CPU
		{74D9561F-0A55-4984-B870-2B2824064AC7}.Release|Any CPU.Build.0 = Release|Any CPU
	EndGlobalSection
	GlobalSection(SolutionProperties) = preSolution
		HideSolutionNode = FALSE
	EndGlobalSection
EndGlobal
